
Microsoft Visual Studio Solution File, Format Version 12.00
# Visual Studio Version 17
VisualStudioVersion = 17.8.34330.188
MinimumVisualStudioVersion = 10.0.40219.1
Project("{2150E333-8FDC-42A3-9474-1A3956D46DE8}") = "src", "src", "{138DC505-7172-4FF7-9760-66C73F2015CB}"
EndProject
Project("{2150E333-8FDC-42A3-9474-1A3956D46DE8}") = "Shared", "Shared", "{DE7FAD8C-68C7-4C4D-9FEE-3020052B9B5C}"
EndProject
Project("{9A19103F-16F7-4668-BE54-9A1E7A4F7556}") = "PhotoEcosystem.UserService", "PhotoEcosystem.UserService\PhotoEcosystem.UserService.csproj", "{F48DA07F-8E3E-4409-BF00-4BAE01506E58}"
EndProject
Project("{2150E333-8FDC-42A3-9474-1A3956D46DE8}") = "Infrastructure", "Infrastructure", "{519C1E61-731B-49D6-B385-581E7C140656}"
EndProject
Project("{E53339B2-1760-4266-BCC7-CA923CBCF16C}") = "docker-compose", "docker-compose.dcproj", "{0898955C-31A7-4B16-9FAF-3616611B0069}"
EndProject
Project("{2150E333-8FDC-42A3-9474-1A3956D46DE8}") = "tests", "tests", "{9B955DB1-8D74-476B-98A5-1271617688C4}"
EndProject
Project("{FAE04EC0-301F-11D3-BF4B-00C04F79EFBC}") = "UserService.Tests", "UserService.Tests\UserService.Tests.csproj", "{FAA83EE8-B0CC-4EE4-87A8-ACDF734E24C2}"
EndProject
Project("{FAE04EC0-301F-11D3-BF4B-00C04F79EFBC}") = "PhotoEcosystem.ImageService.Domain", "PhotoEcosystem.ImageService.Domain\PhotoEcosystem.ImageService.Domain.csproj", "{2B1E2AD7-B743-4055-AE31-21FC6B38FFB8}"
EndProject
Project("{FAE04EC0-301F-11D3-BF4B-00C04F79EFBC}") = "PhotoEcosystem.ImageService.Application", "PhotoEcosystem.ImageService.Application\PhotoEcosystem.ImageService.Application.csproj", "{CBE6E5D2-F03D-4641-A51C-4CE8DCC43E23}"
EndProject
Project("{FAE04EC0-301F-11D3-BF4B-00C04F79EFBC}") = "PhotoEcosystem.ImageService.Infrastructure", "PhotoEcosystem.ImageService.Infrastructure\PhotoEcosystem.ImageService.Infrastructure.csproj", "{C90A09DE-9063-4A66-84DA-13C4D185A27F}"
EndProject
Project("{FAE04EC0-301F-11D3-BF4B-00C04F79EFBC}") = "PhotoEcosystem.ImageService.API", "PhotoEcosystem.ImageService.API\PhotoEcosystem.ImageService.API.csproj", "{E0DFA315-B5AD-42B6-803E-E4734E250F28}"
EndProject
Project("{FAE04EC0-301F-11D3-BF4B-00C04F79EFBC}") = "Shared.Kernel", "Shared.Kernel\Shared.Kernel.csproj", "{15C4C43E-18F4-4EB3-9B19-912B76B57E85}"
EndProject
Global
	GlobalSection(SolutionConfigurationPlatforms) = preSolution
		Debug|Any CPU = Debug|Any CPU
		Release|Any CPU = Release|Any CPU
	EndGlobalSection
	GlobalSection(ProjectConfigurationPlatforms) = postSolution
		{F48DA07F-8E3E-4409-BF00-4BAE01506E58}.Debug|Any CPU.ActiveCfg = Debug|Any CPU
		{F48DA07F-8E3E-4409-BF00-4BAE01506E58}.Debug|Any CPU.Build.0 = Debug|Any CPU
		{F48DA07F-8E3E-4409-BF00-4BAE01506E58}.Release|Any CPU.ActiveCfg = Release|Any CPU
		{F48DA07F-8E3E-4409-BF00-4BAE01506E58}.Release|Any CPU.Build.0 = Release|Any CPU
		{0898955C-31A7-4B16-9FAF-3616611B0069}.Debug|Any CPU.ActiveCfg = Debug|Any CPU
		{0898955C-31A7-4B16-9FAF-3616611B0069}.Debug|Any CPU.Build.0 = Debug|Any CPU
		{0898955C-31A7-4B16-9FAF-3616611B0069}.Release|Any CPU.ActiveCfg = Release|Any CPU
		{0898955C-31A7-4B16-9FAF-3616611B0069}.Release|Any CPU.Build.0 = Release|Any CPU
		{FAA83EE8-B0CC-4EE4-87A8-ACDF734E24C2}.Debug|Any CPU.ActiveCfg = Debug|Any CPU
		{FAA83EE8-B0CC-4EE4-87A8-ACDF734E24C2}.Debug|Any CPU.Build.0 = Debug|Any CPU
		{FAA83EE8-B0CC-4EE4-87A8-ACDF734E24C2}.Release|Any CPU.ActiveCfg = Release|Any CPU
		{FAA83EE8-B0CC-4EE4-87A8-ACDF734E24C2}.Release|Any CPU.Build.0 = Release|Any CPU
		{2B1E2AD7-B743-4055-AE31-21FC6B38FFB8}.Debug|Any CPU.ActiveCfg = Debug|Any CPU
		{2B1E2AD7-B743-4055-AE31-21FC6B38FFB8}.Debug|Any CPU.Build.0 = Debug|Any CPU
		{2B1E2AD7-B743-4055-AE31-21FC6B38FFB8}.Release|Any CPU.ActiveCfg = Release|Any CPU
		{2B1E2AD7-B743-4055-AE31-21FC6B38FFB8}.Release|Any CPU.Build.0 = Release|Any CPU
		{CBE6E5D2-F03D-4641-A51C-4CE8DCC43E23}.Debug|Any CPU.ActiveCfg = Debug|Any CPU
		{CBE6E5D2-F03D-4641-A51C-4CE8DCC43E23}.Debug|Any CPU.Build.0 = Debug|Any CPU
		{CBE6E5D2-F03D-4641-A51C-4CE8DCC43E23}.Release|Any CPU.ActiveCfg = Release|Any CPU
		{CBE6E5D2-F03D-4641-A51C-4CE8DCC43E23}.Release|Any CPU.Build.0 = Release|Any CPU
		{C90A09DE-9063-4A66-84DA-13C4D185A27F}.Debug|Any CPU.ActiveCfg = Debug|Any CPU
		{C90A09DE-9063-4A66-84DA-13C4D185A27F}.Debug|Any CPU.Build.0 = Debug|Any CPU
		{C90A09DE-9063-4A66-84DA-13C4D185A27F}.Release|Any CPU.ActiveCfg = Release|Any CPU
		{C90A09DE-9063-4A66-84DA-13C4D185A27F}.Release|Any CPU.Build.0 = Release|Any CPU
		{E0DFA315-B5AD-42B6-803E-E4734E250F28}.Debug|Any CPU.ActiveCfg = Debug|Any CPU
		{E0DFA315-B5AD-42B6-803E-E4734E250F28}.Debug|Any CPU.Build.0 = Debug|Any CPU
		{E0DFA315-B5AD-42B6-803E-E4734E250F28}.Release|Any CPU.ActiveCfg = Release|Any CPU
		{E0DFA315-B5AD-42B6-803E-E4734E250F28}.Release|Any CPU.Build.0 = Release|Any CPU
		{15C4C43E-18F4-4EB3-9B19-912B76B57E85}.Debug|Any CPU.ActiveCfg = Debug|Any CPU
		{15C4C43E-18F4-4EB3-9B19-912B76B57E85}.Debug|Any CPU.Build.0 = Debug|Any CPU
		{15C4C43E-18F4-4EB3-9B19-912B76B57E85}.Release|Any CPU.ActiveCfg = Release|Any CPU
		{15C4C43E-18F4-4EB3-9B19-912B76B57E85}.Release|Any CPU.Build.0 = Release|Any CPU
	EndGlobalSection
	GlobalSection(SolutionProperties) = preSolution
		HideSolutionNode = FALSE
	EndGlobalSection
	GlobalSection(NestedProjects) = preSolution
		{F48DA07F-8E3E-4409-BF00-4BAE01506E58} = {138DC505-7172-4FF7-9760-66C73F2015CB}
		{0898955C-31A7-4B16-9FAF-3616611B0069} = {519C1E61-731B-49D6-B385-581E7C140656}
		{FAA83EE8-B0CC-4EE4-87A8-ACDF734E24C2} = {9B955DB1-8D74-476B-98A5-1271617688C4}
		{2B1E2AD7-B743-4055-AE31-21FC6B38FFB8} = {138DC505-7172-4FF7-9760-66C73F2015CB}
		{CBE6E5D2-F03D-4641-A51C-4CE8DCC43E23} = {138DC505-7172-4FF7-9760-66C73F2015CB}
		{C90A09DE-9063-4A66-84DA-13C4D185A27F} = {138DC505-7172-4FF7-9760-66C73F2015CB}
		{E0DFA315-B5AD-42B6-803E-E4734E250F28} = {138DC505-7172-4FF7-9760-66C73F2015CB}
		{15C4C43E-18F4-4EB3-9B19-912B76B57E85} = {DE7FAD8C-68C7-4C4D-9FEE-3020052B9B5C}
	EndGlobalSection
	GlobalSection(ExtensibilityGlobals) = postSolution
		SolutionGuid = {B7FD2957-CE4A-49C7-974D-D78967EF20BB}
	EndGlobalSection
EndGlobal
