
Microsoft Visual Studio Solution File, Format Version 12.00
# Visual Studio Version 17
VisualStudioVersion = 17.8.34330.188
MinimumVisualStudioVersion = 10.0.40219.1
Project("{2150E333-8FDC-42A3-9474-1A3956D46DE8}") = "src", "src", "{138DC505-7172-4FF7-9760-66C73F2015CB}"
EndProject
Project("{2150E333-8FDC-42A3-9474-1A3956D46DE8}") = "Shared", "Shared", "{DE7FAD8C-68C7-4C4D-9FEE-3020052B9B5C}"
EndProject
Project("{FAE04EC0-301F-11D3-BF4B-00C04F79EFBC}") = "PhotoEcosystem.UserService", "PhotoEcosystem.UserService\PhotoEcosystem.UserService.csproj", "{F48DA07F-8E3E-4409-BF00-4BAE01506E58}"
EndProject
Global
	GlobalSection(SolutionConfigurationPlatforms) = preSolution
		Debug|Any CPU = Debug|Any CPU
		Release|Any CPU = Release|Any CPU
	EndGlobalSection
	GlobalSection(ProjectConfigurationPlatforms) = postSolution
		{F48DA07F-8E3E-4409-BF00-4BAE01506E58}.Debug|Any CPU.ActiveCfg = Debug|Any CPU
		{F48DA07F-8E3E-4409-BF00-4BAE01506E58}.Debug|Any CPU.Build.0 = Debug|Any CPU
		{F48DA07F-8E3E-4409-BF00-4BAE01506E58}.Release|Any CPU.ActiveCfg = Release|Any CPU
		{F48DA07F-8E3E-4409-BF00-4BAE01506E58}.Release|Any CPU.Build.0 = Release|Any CPU
	EndGlobalSection
	GlobalSection(SolutionProperties) = preSolution
		HideSolutionNode = FALSE
	EndGlobalSection
	GlobalSection(NestedProjects) = preSolution
		{F48DA07F-8E3E-4409-BF00-4BAE01506E58} = {138DC505-7172-4FF7-9760-66C73F2015CB}
	EndGlobalSection
	GlobalSection(ExtensibilityGlobals) = postSolution
		SolutionGuid = {B7FD2957-CE4A-49C7-974D-D78967EF20BB}
	EndGlobalSection
EndGlobal
